# @generated by Move, please check-in and do not edit manually.

[move]
version = 3
manifest_digest = "83B8088C3D8A3541122ECA5851660FDA70B80DB6B4A548D229761DA34DA44770"
deps_digest = "F8BBB0CCB2491CA29A3DF03D6F92277A4F3574266507ACD77214D37ECA3F3082"
dependencies = [
  { id = "Sui", name = "Sui" },
]

[[move.package]]
id = "MoveStdlib"
source = { git = "https://github.com/MystenLabs/sui.git", rev = "framework/testnet", subdir = "crates/sui-framework/packages/move-stdlib" }

[[move.package]]
id = "Sui"
source = { git = "https://github.com/MystenLabs/sui.git", rev = "framework/testnet", subdir = "crates/sui-framework/packages/sui-framework" }

dependencies = [
  { id = "MoveStdlib", name = "MoveStdlib" },
]

[move.toolchain-version]
compiler-version = "1.41.1"
edition = "2024.beta"
flavor = "sui"

[env]

[env.testnet]
chain-id = "4c78adac"
original-published-id = "0x7c0c123dd3eca163bf223ff6d77cda3ceaf3e2b22b6c4a524884186d363cfde8"
latest-published-id = "0x7c0c123dd3eca163bf223ff6d77cda3ceaf3e2b22b6c4a524884186d363cfde8"
published-version = "1"
